// !$*UTF8*$!
{
	archiveVersion = 1;
	classes = {
	};
	objectVersion = 55;
	objects = {

/* Begin PBXBuildFile section */
		6D178DB127F73AB60017B1D1 /* AppDelegate.swift in Sources */ = {isa = PBXBuildFile; fileRef = 6D178DB027F73AB60017B1D1 /* AppDelegate.swift */; };
		6D178DB327F73AB60017B1D1 /* SceneDelegate.swift in Sources */ = {isa = PBXBuildFile; fileRef = 6D178DB227F73AB60017B1D1 /* SceneDelegate.swift */; };
		6D178DB527F73AB60017B1D1 /* ViewController.swift in Sources */ = {isa = PBXBuildFile; fileRef = 6D178DB427F73AB60017B1D1 /* ViewController.swift */; };
		6D178DBA27F73AB80017B1D1 /* Assets.xcassets in Resources */ = {isa = PBXBuildFile; fileRef = 6D178DB927F73AB80017B1D1 /* Assets.xcassets */; };
		6D178DBD27F73AB80017B1D1 /* LaunchScreen.storyboard in Resources */ = {isa = PBXBuildFile; fileRef = 6D178DBB27F73AB80017B1D1 /* LaunchScreen.storyboard */; };
		6D178DC827F73AB80017B1D1 /* SpellerTests.swift in Sources */ = {isa = PBXBuildFile; fileRef = 6D178DC727F73AB80017B1D1 /* SpellerTests.swift */; };
		6D178DD227F73AB80017B1D1 /* SpellerUITests.swift in Sources */ = {isa = PBXBuildFile; fileRef = 6D178DD127F73AB80017B1D1 /* SpellerUITests.swift */; };
		6D178DD427F73AB80017B1D1 /* SpellerUITestsLaunchTests.swift in Sources */ = {isa = PBXBuildFile; fileRef = 6D178DD327F73AB80017B1D1 /* SpellerUITestsLaunchTests.swift */; };
		6D178DE127F73C6F0017B1D1 /* StringChecker.swift in Sources */ = {isa = PBXBuildFile; fileRef = 6D178DE027F73C6F0017B1D1 /* StringChecker.swift */; };
		6D178DE327F73CCC0017B1D1 /* SpellResult.swift in Sources */ = {isa = PBXBuildFile; fileRef = 6D178DE227F73CCC0017B1D1 /* SpellResult.swift */; };
		6D178DE927F7529E0017B1D1 /* WordCell.swift in Sources */ = {isa = PBXBuildFile; fileRef = 6D178DE827F7529E0017B1D1 /* WordCell.swift */; };
		6D178DEB27F759260017B1D1 /* WordPresentView.swift in Sources */ = {isa = PBXBuildFile; fileRef = 6D178DEA27F759260017B1D1 /* WordPresentView.swift */; };
		6D178DF127F768FB0017B1D1 /* StringCheckerTests.swift in Sources */ = {isa = PBXBuildFile; fileRef = 6D178DF027F768FB0017B1D1 /* StringCheckerTests.swift */; };
/* End PBXBuildFile section */

/* Begin PBXContainerItemProxy section */
		6D178DC427F73AB80017B1D1 /* PBXContainerItemProxy */ = {
			isa = PBXContainerItemProxy;
			containerPortal = 6D178DA527F73AB60017B1D1 /* Project object */;
			proxyType = 1;
			remoteGlobalIDString = 6D178DAC27F73AB60017B1D1;
			remoteInfo = Speller;
		};
		6D178DCE27F73AB80017B1D1 /* PBXContainerItemProxy */ = {
			isa = PBXContainerItemProxy;
			containerPortal = 6D178DA527F73AB60017B1D1 /* Project object */;
			proxyType = 1;
			remoteGlobalIDString = 6D178DAC27F73AB60017B1D1;
			remoteInfo = Speller;
		};
/* End PBXContainerItemProxy section */

/* Begin PBXFileReference section */
		6D178DAD27F73AB60017B1D1 /* Speller.app */ = {isa = PBXFileReference; explicitFileType = wrapper.application; includeInIndex = 0; path = Speller.app; sourceTree = BUILT_PRODUCTS_DIR; };
		6D178DB027F73AB60017B1D1 /* AppDelegate.swift */ = {isa = PBXFileReference; lastKnownFileType = sourcecode.swift; path = AppDelegate.swift; sourceTree = "<group>"; };
		6D178DB227F73AB60017B1D1 /* SceneDelegate.swift */ = {isa = PBXFileReference; lastKnownFileType = sourcecode.swift; path = SceneDelegate.swift; sourceTree = "<group>"; };
		6D178DB427F73AB60017B1D1 /* ViewController.swift */ = {isa = PBXFileReference; lastKnownFileType = sourcecode.swift; path = ViewController.swift; sourceTree = "<group>"; };
		6D178DB927F73AB80017B1D1 /* Assets.xcassets */ = {isa = PBXFileReference; lastKnownFileType = folder.assetcatalog; path = Assets.xcassets; sourceTree = "<group>"; };
		6D178DBC27F73AB80017B1D1 /* Base */ = {isa = PBXFileReference; lastKnownFileType = file.storyboard; name = Base; path = Base.lproj/LaunchScreen.storyboard; sourceTree = "<group>"; };
		6D178DBE27F73AB80017B1D1 /* Info.plist */ = {isa = PBXFileReference; lastKnownFileType = text.plist.xml; path = Info.plist; sourceTree = "<group>"; };
		6D178DC327F73AB80017B1D1 /* SpellerTests.xctest */ = {isa = PBXFileReference; explicitFileType = wrapper.cfbundle; includeInIndex = 0; path = SpellerTests.xctest; sourceTree = BUILT_PRODUCTS_DIR; };
		6D178DC727F73AB80017B1D1 /* SpellerTests.swift */ = {isa = PBXFileReference; lastKnownFileType = sourcecode.swift; path = SpellerTests.swift; sourceTree = "<group>"; };
		6D178DCD27F73AB80017B1D1 /* SpellerUITests.xctest */ = {isa = PBXFileReference; explicitFileType = wrapper.cfbundle; includeInIndex = 0; path = SpellerUITests.xctest; sourceTree = BUILT_PRODUCTS_DIR; };
		6D178DD127F73AB80017B1D1 /* SpellerUITests.swift */ = {isa = PBXFileReference; lastKnownFileType = sourcecode.swift; path = SpellerUITests.swift; sourceTree = "<group>"; };
		6D178DD327F73AB80017B1D1 /* SpellerUITestsLaunchTests.swift */ = {isa = PBXFileReference; lastKnownFileType = sourcecode.swift; path = SpellerUITestsLaunchTests.swift; sourceTree = "<group>"; };
		6D178DE027F73C6F0017B1D1 /* StringChecker.swift */ = {isa = PBXFileReference; lastKnownFileType = sourcecode.swift; path = StringChecker.swift; sourceTree = "<group>"; };
		6D178DE227F73CCC0017B1D1 /* SpellResult.swift */ = {isa = PBXFileReference; lastKnownFileType = sourcecode.swift; path = SpellResult.swift; sourceTree = "<group>"; };
		6D178DE827F7529E0017B1D1 /* WordCell.swift */ = {isa = PBXFileReference; lastKnownFileType = sourcecode.swift; path = WordCell.swift; sourceTree = "<group>"; };
		6D178DEA27F759260017B1D1 /* WordPresentView.swift */ = {isa = PBXFileReference; lastKnownFileType = sourcecode.swift; path = WordPresentView.swift; sourceTree = "<group>"; };
		6D178DF027F768FB0017B1D1 /* StringCheckerTests.swift */ = {isa = PBXFileReference; lastKnownFileType = sourcecode.swift; path = StringCheckerTests.swift; sourceTree = "<group>"; };
/* End PBXFileReference section */

/* Begin PBXFrameworksBuildPhase section */
		6D178DAA27F73AB60017B1D1 /* Frameworks */ = {
			isa = PBXFrameworksBuildPhase;
			buildActionMask = 2147483647;
			files = (
			);
			runOnlyForDeploymentPostprocessing = 0;
		};
		6D178DC027F73AB80017B1D1 /* Frameworks */ = {
			isa = PBXFrameworksBuildPhase;
			buildActionMask = 2147483647;
			files = (
			);
			runOnlyForDeploymentPostprocessing = 0;
		};
		6D178DCA27F73AB80017B1D1 /* Frameworks */ = {
			isa = PBXFrameworksBuildPhase;
			buildActionMask = 2147483647;
			files = (
			);
			runOnlyForDeploymentPostprocessing = 0;
		};
/* End PBXFrameworksBuildPhase section */

/* Begin PBXGroup section */
		6D178DA427F73AB60017B1D1 = {
			isa = PBXGroup;
			children = (
				6D178DAF27F73AB60017B1D1 /* Speller */,
				6D178DC627F73AB80017B1D1 /* SpellerTests */,
				6D178DD027F73AB80017B1D1 /* SpellerUITests */,
				6D178DAE27F73AB60017B1D1 /* Products */,
			);
			sourceTree = "<group>";
		};
		6D178DAE27F73AB60017B1D1 /* Products */ = {
			isa = PBXGroup;
			children = (
				6D178DAD27F73AB60017B1D1 /* Speller.app */,
				6D178DC327F73AB80017B1D1 /* SpellerTests.xctest */,
				6D178DCD27F73AB80017B1D1 /* SpellerUITests.xctest */,
			);
			name = Products;
			sourceTree = "<group>";
		};
		6D178DAF27F73AB60017B1D1 /* Speller */ = {
			isa = PBXGroup;
			children = (
				6D178DEF27F766390017B1D1 /* Delegates */,
				6D178DEE27F766200017B1D1 /* Model */,
				6D178DED27F766170017B1D1 /* Controller */,
				6D178DEC27F766060017B1D1 /* App */,
				6D178DBB27F73AB80017B1D1 /* LaunchScreen.storyboard */,
				6D178DB927F73AB80017B1D1 /* Assets.xcassets */,
				6D178DE027F73C6F0017B1D1 /* StringChecker.swift */,
			);
			path = Speller;
			sourceTree = "<group>";
		};
		6D178DC627F73AB80017B1D1 /* SpellerTests */ = {
			isa = PBXGroup;
			children = (
				6D178DF027F768FB0017B1D1 /* StringCheckerTests.swift */,
				6D178DC727F73AB80017B1D1 /* SpellerTests.swift */,
			);
			path = SpellerTests;
			sourceTree = "<group>";
		};
		6D178DD027F73AB80017B1D1 /* SpellerUITests */ = {
			isa = PBXGroup;
			children = (
				6D178DD127F73AB80017B1D1 /* SpellerUITests.swift */,
				6D178DD327F73AB80017B1D1 /* SpellerUITestsLaunchTests.swift */,
			);
			path = SpellerUITests;
			sourceTree = "<group>";
		};
		6D178DEC27F766060017B1D1 /* App */ = {
			isa = PBXGroup;
			children = (
				6D178DBE27F73AB80017B1D1 /* Info.plist */,
			);
			path = App;
			sourceTree = "<group>";
		};
		6D178DED27F766170017B1D1 /* Controller */ = {
			isa = PBXGroup;
			children = (
				6D178DB427F73AB60017B1D1 /* ViewController.swift */,
				6D178DE827F7529E0017B1D1 /* WordCell.swift */,
				6D178DEA27F759260017B1D1 /* WordPresentView.swift */,
			);
			path = Controller;
			sourceTree = "<group>";
		};
		6D178DEE27F766200017B1D1 /* Model */ = {
			isa = PBXGroup;
			children = (
				6D178DE227F73CCC0017B1D1 /* SpellResult.swift */,
			);
			path = Model;
			sourceTree = "<group>";
		};
		6D178DEF27F766390017B1D1 /* Delegates */ = {
			isa = PBXGroup;
			children = (
				6D178DB227F73AB60017B1D1 /* SceneDelegate.swift */,
				6D178DB027F73AB60017B1D1 /* AppDelegate.swift */,
			);
			path = Delegates;
			sourceTree = "<group>";
		};
/* End PBXGroup section */

/* Begin PBXNativeTarget section */
		6D178DAC27F73AB60017B1D1 /* Speller */ = {
			isa = PBXNativeTarget;
			buildConfigurationList = 6D178DD727F73AB80017B1D1 /* Build configuration list for PBXNativeTarget "Speller" */;
			buildPhases = (
				6D178DA927F73AB60017B1D1 /* Sources */,
				6D178DAA27F73AB60017B1D1 /* Frameworks */,
				6D178DAB27F73AB60017B1D1 /* Resources */,
			);
			buildRules = (
			);
			dependencies = (
			);
			name = Speller;
			productName = Speller;
			productReference = 6D178DAD27F73AB60017B1D1 /* Speller.app */;
			productType = "com.apple.product-type.application";
		};
		6D178DC227F73AB80017B1D1 /* SpellerTests */ = {
			isa = PBXNativeTarget;
			buildConfigurationList = 6D178DDA27F73AB80017B1D1 /* Build configuration list for PBXNativeTarget "SpellerTests" */;
			buildPhases = (
				6D178DBF27F73AB80017B1D1 /* Sources */,
				6D178DC027F73AB80017B1D1 /* Frameworks */,
				6D178DC127F73AB80017B1D1 /* Resources */,
			);
			buildRules = (
			);
			dependencies = (
				6D178DC527F73AB80017B1D1 /* PBXTargetDependency */,
			);
			name = SpellerTests;
			productName = SpellerTests;
			productReference = 6D178DC327F73AB80017B1D1 /* SpellerTests.xctest */;
			productType = "com.apple.product-type.bundle.unit-test";
		};
		6D178DCC27F73AB80017B1D1 /* SpellerUITests */ = {
			isa = PBXNativeTarget;
			buildConfigurationList = 6D178DDD27F73AB80017B1D1 /* Build configuration list for PBXNativeTarget "SpellerUITests" */;
			buildPhases = (
				6D178DC927F73AB80017B1D1 /* Sources */,
				6D178DCA27F73AB80017B1D1 /* Frameworks */,
				6D178DCB27F73AB80017B1D1 /* Resources */,
			);
			buildRules = (
			);
			dependencies = (
				6D178DCF27F73AB80017B1D1 /* PBXTargetDependency */,
			);
			name = SpellerUITests;
			productName = SpellerUITests;
			productReference = 6D178DCD27F73AB80017B1D1 /* SpellerUITests.xctest */;
			productType = "com.apple.product-type.bundle.ui-testing";
		};
/* End PBXNativeTarget section */

/* Begin PBXProject section */
		6D178DA527F73AB60017B1D1 /* Project object */ = {
			isa = PBXProject;
			attributes = {
				BuildIndependentTargetsInParallel = 1;
				LastSwiftUpdateCheck = 1330;
				LastUpgradeCheck = 1330;
				TargetAttributes = {
					6D178DAC27F73AB60017B1D1 = {
						CreatedOnToolsVersion = 13.3;
					};
					6D178DC227F73AB80017B1D1 = {
						CreatedOnToolsVersion = 13.3;
						TestTargetID = 6D178DAC27F73AB60017B1D1;
					};
					6D178DCC27F73AB80017B1D1 = {
						CreatedOnToolsVersion = 13.3;
						TestTargetID = 6D178DAC27F73AB60017B1D1;
					};
				};
			};
			buildConfigurationList = 6D178DA827F73AB60017B1D1 /* Build configuration list for PBXProject "Speller" */;
			compatibilityVersion = "Xcode 13.0";
			developmentRegion = en;
			hasScannedForEncodings = 0;
			knownRegions = (
				en,
				Base,
			);
			mainGroup = 6D178DA427F73AB60017B1D1;
			productRefGroup = 6D178DAE27F73AB60017B1D1 /* Products */;
			projectDirPath = "";
			projectRoot = "";
			targets = (
				6D178DAC27F73AB60017B1D1 /* Speller */,
				6D178DC227F73AB80017B1D1 /* SpellerTests */,
				6D178DCC27F73AB80017B1D1 /* SpellerUITests */,
			);
		};
/* End PBXProject section */

/* Begin PBXResourcesBuildPhase section */
		6D178DAB27F73AB60017B1D1 /* Resources */ = {
			isa = PBXResourcesBuildPhase;
			buildActionMask = 2147483647;
			files = (
				6D178DBD27F73AB80017B1D1 /* LaunchScreen.storyboard in Resources */,
				6D178DBA27F73AB80017B1D1 /* Assets.xcassets in Resources */,
			);
			runOnlyForDeploymentPostprocessing = 0;
		};
		6D178DC127F73AB80017B1D1 /* Resources */ = {
			isa = PBXResourcesBuildPhase;
			buildActionMask = 2147483647;
			files = (
			);
			runOnlyForDeploymentPostprocessing = 0;
		};
		6D178DCB27F73AB80017B1D1 /* Resources */ = {
			isa = PBXResourcesBuildPhase;
			buildActionMask = 2147483647;
			files = (
			);
			runOnlyForDeploymentPostprocessing = 0;
		};
/* End PBXResourcesBuildPhase section */

/* Begin PBXSourcesBuildPhase section */
		6D178DA927F73AB60017B1D1 /* Sources */ = {
			isa = PBXSourcesBuildPhase;
			buildActionMask = 2147483647;
			files = (
				6D178DEB27F759260017B1D1 /* WordPresentView.swift in Sources */,
				6D178DB527F73AB60017B1D1 /* ViewController.swift in Sources */,
				6D178DE327F73CCC0017B1D1 /* SpellResult.swift in Sources */,
				6D178DB127F73AB60017B1D1 /* AppDelegate.swift in Sources */,
				6D178DE927F7529E0017B1D1 /* WordCell.swift in Sources */,
				6D178DE127F73C6F0017B1D1 /* StringChecker.swift in Sources */,
				6D178DB327F73AB60017B1D1 /* SceneDelegate.swift in Sources */,
			);
			runOnlyForDeploymentPostprocessing = 0;
		};
		6D178DBF27F73AB80017B1D1 /* Sources */ = {
			isa = PBXSourcesBuildPhase;
			buildActionMask = 2147483647;
			files = (
				6D178DF127F768FB0017B1D1 /* StringCheckerTests.swift in Sources */,
				6D178DC827F73AB80017B1D1 /* SpellerTests.swift in Sources */,
			);
			runOnlyForDeploymentPostprocessing = 0;
		};
		6D178DC927F73AB80017B1D1 /* Sources */ = {
			isa = PBXSourcesBuildPhase;
			buildActionMask = 2147483647;
			files = (
				6D178DD427F73AB80017B1D1 /* SpellerUITestsLaunchTests.swift in Sources */,
				6D178DD227F73AB80017B1D1 /* SpellerUITests.swift in Sources */,
			);
			runOnlyForDeploymentPostprocessing = 0;
		};
/* End PBXSourcesBuildPhase section */

/* Begin PBXTargetDependency section */
		6D178DC527F73AB80017B1D1 /* PBXTargetDependency */ = {
			isa = PBXTargetDependency;
			target = 6D178DAC27F73AB60017B1D1 /* Speller */;
			targetProxy = 6D178DC427F73AB80017B1D1 /* PBXContainerItemProxy */;
		};
		6D178DCF27F73AB80017B1D1 /* PBXTargetDependency */ = {
			isa = PBXTargetDependency;
			target = 6D178DAC27F73AB60017B1D1 /* Speller */;
			targetProxy = 6D178DCE27F73AB80017B1D1 /* PBXContainerItemProxy */;
		};
/* End PBXTargetDependency section */

/* Begin PBXVariantGroup section */
		6D178DBB27F73AB80017B1D1 /* LaunchScreen.storyboard */ = {
			isa = PBXVariantGroup;
			children = (
				6D178DBC27F73AB80017B1D1 /* Base */,
			);
			name = LaunchScreen.storyboard;
			sourceTree = "<group>";
		};
/* End PBXVariantGroup section */

/* Begin XCBuildConfiguration section */
		6D178DD527F73AB80017B1D1 /* Debug */ = {
			isa = XCBuildConfiguration;
			buildSettings = {
				ALWAYS_SEARCH_USER_PATHS = NO;
				CLANG_ANALYZER_NONNULL = YES;
				CLANG_ANALYZER_NUMBER_OBJECT_CONVERSION = YES_AGGRESSIVE;
				CLANG_CXX_LANGUAGE_STANDARD = "gnu++17";
				CLANG_ENABLE_MODULES = YES;
				CLANG_ENABLE_OBJC_ARC = YES;
				CLANG_ENABLE_OBJC_WEAK = YES;
				CLANG_WARN_BLOCK_CAPTURE_AUTORELEASING = YES;
				CLANG_WARN_BOOL_CONVERSION = YES;
				CLANG_WARN_COMMA = YES;
				CLANG_WARN_CONSTANT_CONVERSION = YES;
				CLANG_WARN_DEPRECATED_OBJC_IMPLEMENTATIONS = YES;
				CLANG_WARN_DIRECT_OBJC_ISA_USAGE = YES_ERROR;
				CLANG_WARN_DOCUMENTATION_COMMENTS = YES;
				CLANG_WARN_EMPTY_BODY = YES;
				CLANG_WARN_ENUM_CONVERSION = YES;
				CLANG_WARN_INFINITE_RECURSION = YES;
				CLANG_WARN_INT_CONVERSION = YES;
				CLANG_WARN_NON_LITERAL_NULL_CONVERSION = YES;
				CLANG_WARN_OBJC_IMPLICIT_RETAIN_SELF = YES;
				CLANG_WARN_OBJC_LITERAL_CONVERSION = YES;
				CLANG_WARN_OBJC_ROOT_CLASS = YES_ERROR;
				CLANG_WARN_QUOTED_INCLUDE_IN_FRAMEWORK_HEADER = YES;
				CLANG_WARN_RANGE_LOOP_ANALYSIS = YES;
				CLANG_WARN_STRICT_PROTOTYPES = YES;
				CLANG_WARN_SUSPICIOUS_MOVE = YES;
				CLANG_WARN_UNGUARDED_AVAILABILITY = YES_AGGRESSIVE;
				CLANG_WARN_UNREACHABLE_CODE = YES;
				CLANG_WARN__DUPLICATE_METHOD_MATCH = YES;
				COPY_PHASE_STRIP = NO;
				DEBUG_INFORMATION_FORMAT = dwarf;
				ENABLE_STRICT_OBJC_MSGSEND = YES;
				ENABLE_TESTABILITY = YES;
				GCC_C_LANGUAGE_STANDARD = gnu11;
				GCC_DYNAMIC_NO_PIC = NO;
				GCC_NO_COMMON_BLOCKS = YES;
				GCC_OPTIMIZATION_LEVEL = 0;
				GCC_PREPROCESSOR_DEFINITIONS = (
					"DEBUG=1",
					"$(inherited)",
				);
				GCC_WARN_64_TO_32_BIT_CONVERSION = YES;
				GCC_WARN_ABOUT_RETURN_TYPE = YES_ERROR;
				GCC_WARN_UNDECLARED_SELECTOR = YES;
				GCC_WARN_UNINITIALIZED_AUTOS = YES_AGGRESSIVE;
				GCC_WARN_UNUSED_FUNCTION = YES;
				GCC_WARN_UNUSED_VARIABLE = YES;
				IPHONEOS_DEPLOYMENT_TARGET = 15.4;
				MTL_ENABLE_DEBUG_INFO = INCLUDE_SOURCE;
				MTL_FAST_MATH = YES;
				ONLY_ACTIVE_ARCH = YES;
				SDKROOT = iphoneos;
				SWIFT_ACTIVE_COMPILATION_CONDITIONS = DEBUG;
				SWIFT_OPTIMIZATION_LEVEL = "-Onone";
			};
			name = Debug;
		};
		6D178DD627F73AB80017B1D1 /* Release */ = {
			isa = XCBuildConfiguration;
			buildSettings = {
				ALWAYS_SEARCH_USER_PATHS = NO;
				CLANG_ANALYZER_NONNULL = YES;
				CLANG_ANALYZER_NUMBER_OBJECT_CONVERSION = YES_AGGRESSIVE;
				CLANG_CXX_LANGUAGE_STANDARD = "gnu++17";
				CLANG_ENABLE_MODULES = YES;
				CLANG_ENABLE_OBJC_ARC = YES;
				CLANG_ENABLE_OBJC_WEAK = YES;
				CLANG_WARN_BLOCK_CAPTURE_AUTORELEASING = YES;
				CLANG_WARN_BOOL_CONVERSION = YES;
				CLANG_WARN_COMMA = YES;
				CLANG_WARN_CONSTANT_CONVERSION = YES;
				CLANG_WARN_DEPRECATED_OBJC_IMPLEMENTATIONS = YES;
				CLANG_WARN_DIRECT_OBJC_ISA_USAGE = YES_ERROR;
				CLANG_WARN_DOCUMENTATION_COMMENTS = YES;
				CLANG_WARN_EMPTY_BODY = YES;
				CLANG_WARN_ENUM_CONVERSION = YES;
				CLANG_WARN_INFINITE_RECURSION = YES;
				CLANG_WARN_INT_CONVERSION = YES;
				CLANG_WARN_NON_LITERAL_NULL_CONVERSION = YES;
				CLANG_WARN_OBJC_IMPLICIT_RETAIN_SELF = YES;
				CLANG_WARN_OBJC_LITERAL_CONVERSION = YES;
				CLANG_WARN_OBJC_ROOT_CLASS = YES_ERROR;
				CLANG_WARN_QUOTED_INCLUDE_IN_FRAMEWORK_HEADER = YES;
				CLANG_WARN_RANGE_LOOP_ANALYSIS = YES;
				CLANG_WARN_STRICT_PROTOTYPES = YES;
				CLANG_WARN_SUSPICIOUS_MOVE = YES;
				CLANG_WARN_UNGUARDED_AVAILABILITY = YES_AGGRESSIVE;
				CLANG_WARN_UNREACHABLE_CODE = YES;
				CLANG_WARN__DUPLICATE_METHOD_MATCH = YES;
				COPY_PHASE_STRIP = NO;
				DEBUG_INFORMATION_FORMAT = "dwarf-with-dsym";
				ENABLE_NS_ASSERTIONS = NO;
				ENABLE_STRICT_OBJC_MSGSEND = YES;
				GCC_C_LANGUAGE_STANDARD = gnu11;
				GCC_NO_COMMON_BLOCKS = YES;
				GCC_WARN_64_TO_32_BIT_CONVERSION = YES;
				GCC_WARN_ABOUT_RETURN_TYPE = YES_ERROR;
				GCC_WARN_UNDECLARED_SELECTOR = YES;
				GCC_WARN_UNINITIALIZED_AUTOS = YES_AGGRESSIVE;
				GCC_WARN_UNUSED_FUNCTION = YES;
				GCC_WARN_UNUSED_VARIABLE = YES;
				IPHONEOS_DEPLOYMENT_TARGET = 15.4;
				MTL_ENABLE_DEBUG_INFO = NO;
				MTL_FAST_MATH = YES;
				SDKROOT = iphoneos;
				SWIFT_COMPILATION_MODE = wholemodule;
				SWIFT_OPTIMIZATION_LEVEL = "-O";
				VALIDATE_PRODUCT = YES;
			};
			name = Release;
		};
		6D178DD827F73AB80017B1D1 /* Debug */ = {
			isa = XCBuildConfiguration;
			buildSettings = {
				ASSETCATALOG_COMPILER_APPICON_NAME = AppIcon;
				ASSETCATALOG_COMPILER_GLOBAL_ACCENT_COLOR_NAME = AccentColor;
				CODE_SIGN_STYLE = Automatic;
				CURRENT_PROJECT_VERSION = 1;
				DEVELOPMENT_TEAM = ADA785NP67;
				GENERATE_INFOPLIST_FILE = YES;
				INFOPLIST_FILE = Speller/App/Info.plist;
				INFOPLIST_KEY_UIApplicationSupportsIndirectInputEvents = YES;
				INFOPLIST_KEY_UILaunchStoryboardName = LaunchScreen;
				INFOPLIST_KEY_UISupportedInterfaceOrientations_iPad = "UIInterfaceOrientationPortrait UIInterfaceOrientationPortraitUpsideDown UIInterfaceOrientationLandscapeLeft UIInterfaceOrientationLandscapeRight";
				INFOPLIST_KEY_UISupportedInterfaceOrientations_iPhone = "UIInterfaceOrientationPortrait UIInterfaceOrientationLandscapeLeft UIInterfaceOrientationLandscapeRight";
				LD_RUNPATH_SEARCH_PATHS = (
					"$(inherited)",
					"@executable_path/Frameworks",
				);
				MARKETING_VERSION = 1.0;
				PRODUCT_BUNDLE_IDENTIFIER = HSE.Speller;
				PRODUCT_NAME = "$(TARGET_NAME)";
				SWIFT_EMIT_LOC_STRINGS = YES;
				SWIFT_VERSION = 5.0;
				TARGETED_DEVICE_FAMILY = "1,2";
			};
			name = Debug;
		};
		6D178DD927F73AB80017B1D1 /* Release */ = {
			isa = XCBuildConfiguration;
			buildSettings = {
				ASSETCATALOG_COMPILER_APPICON_NAME = AppIcon;
				ASSETCATALOG_COMPILER_GLOBAL_ACCENT_COLOR_NAME = AccentColor;
				CODE_SIGN_STYLE = Automatic;
				CURRENT_PROJECT_VERSION = 1;
				DEVELOPMENT_TEAM = ADA785NP67;
				GENERATE_INFOPLIST_FILE = YES;
				INFOPLIST_FILE = Speller/App/Info.plist;
				INFOPLIST_KEY_UIApplicationSupportsIndirectInputEvents = YES;
				INFOPLIST_KEY_UILaunchStoryboardName = LaunchScreen;
				INFOPLIST_KEY_UISupportedInterfaceOrientations_iPad = "UIInterfaceOrientationPortrait UIInterfaceOrientationPortraitUpsideDown UIInterfaceOrientationLandscapeLeft UIInterfaceOrientationLandscapeRight";
				INFOPLIST_KEY_UISupportedInterfaceOrientations_iPhone = "UIInterfaceOrientationPortrait UIInterfaceOrientationLandscapeLeft UIInterfaceOrientationLandscapeRight";
				LD_RUNPATH_SEARCH_PATHS = (
					"$(inherited)",
					"@executable_path/Frameworks",
				);
				MARKETING_VERSION = 1.0;
				PRODUCT_BUNDLE_IDENTIFIER = HSE.Speller;
				PRODUCT_NAME = "$(TARGET_NAME)";
				SWIFT_EMIT_LOC_STRINGS = YES;
				SWIFT_VERSION = 5.0;
				TARGETED_DEVICE_FAMILY = "1,2";
			};
			name = Release;
		};
		6D178DDB27F73AB80017B1D1 /* Debug */ = {
			isa = XCBuildConfiguration;
			buildSettings = {
				ALWAYS_EMBED_SWIFT_STANDARD_LIBRARIES = YES;
				BUNDLE_LOADER = "$(TEST_HOST)";
				CODE_SIGN_STYLE = Automatic;
				CURRENT_PROJECT_VERSION = 1;
				DEVELOPMENT_TEAM = ADA785NP67;
				GENERATE_INFOPLIST_FILE = YES;
				IPHONEOS_DEPLOYMENT_TARGET = 15.4;
				MARKETING_VERSION = 1.0;
				PRODUCT_BUNDLE_IDENTIFIER = HSE.SpellerTests;
				PRODUCT_NAME = "$(TARGET_NAME)";
				SWIFT_EMIT_LOC_STRINGS = NO;
				SWIFT_VERSION = 5.0;
				TARGETED_DEVICE_FAMILY = "1,2";
				TEST_HOST = "$(BUILT_PRODUCTS_DIR)/Speller.app/Speller";
			};
			name = Debug;
		};
		6D178DDC27F73AB80017B1D1 /* Release */ = {
			isa = XCBuildConfiguration;
			buildSettings = {
				ALWAYS_EMBED_SWIFT_STANDARD_LIBRARIES = YES;
				BUNDLE_LOADER = "$(TEST_HOST)";
				CODE_SIGN_STYLE = Automatic;
				CURRENT_PROJECT_VERSION = 1;
				DEVELOPMENT_TEAM = ADA785NP67;
				GENERATE_INFOPLIST_FILE = YES;
				IPHONEOS_DEPLOYMENT_TARGET = 15.4;
				MARKETING_VERSION = 1.0;
				PRODUCT_BUNDLE_IDENTIFIER = HSE.SpellerTests;
				PRODUCT_NAME = "$(TARGET_NAME)";
				SWIFT_EMIT_LOC_STRINGS = NO;
				SWIFT_VERSION = 5.0;
				TARGETED_DEVICE_FAMILY = "1,2";
				TEST_HOST = "$(BUILT_PRODUCTS_DIR)/Speller.app/Speller";
			};
			name = Release;
		};
		6D178DDE27F73AB80017B1D1 /* Debug */ = {
			isa = XCBuildConfiguration;
			buildSettings = {
				ALWAYS_EMBED_SWIFT_STANDARD_LIBRARIES = YES;
				CODE_SIGN_STYLE = Automatic;
				CURRENT_PROJECT_VERSION = 1;
				DEVELOPMENT_TEAM = ADA785NP67;
				GENERATE_INFOPLIST_FILE = YES;
				MARKETING_VERSION = 1.0;
				PRODUCT_BUNDLE_IDENTIFIER = HSE.SpellerUITests;
				PRODUCT_NAME = "$(TARGET_NAME)";
				SWIFT_EMIT_LOC_STRINGS = NO;
				SWIFT_VERSION = 5.0;
				TARGETED_DEVICE_FAMILY = "1,2";
				TEST_TARGET_NAME = Speller;
			};
			name = Debug;
		};
		6D178DDF27F73AB80017B1D1 /* Release */ = {
			isa = XCBuildConfiguration;
			buildSettings = {
				ALWAYS_EMBED_SWIFT_STANDARD_LIBRARIES = YES;
				CODE_SIGN_STYLE = Automatic;
				CURRENT_PROJECT_VERSION = 1;
				DEVELOPMENT_TEAM = ADA785NP67;
				GENERATE_INFOPLIST_FILE = YES;
				MARKETING_VERSION = 1.0;
				PRODUCT_BUNDLE_IDENTIFIER = HSE.SpellerUITests;
				PRODUCT_NAME = "$(TARGET_NAME)";
				SWIFT_EMIT_LOC_STRINGS = NO;
				SWIFT_VERSION = 5.0;
				TARGETED_DEVICE_FAMILY = "1,2";
				TEST_TARGET_NAME = Speller;
			};
			name = Release;
		};
/* End XCBuildConfiguration section */

/* Begin XCConfigurationList section */
		6D178DA827F73AB60017B1D1 /* Build configuration list for PBXProject "Speller" */ = {
			isa = XCConfigurationList;
			buildConfigurations = (
				6D178DD527F73AB80017B1D1 /* Debug */,
				6D178DD627F73AB80017B1D1 /* Release */,
			);
			defaultConfigurationIsVisible = 0;
			defaultConfigurationName = Release;
		};
		6D178DD727F73AB80017B1D1 /* Build configuration list for PBXNativeTarget "Speller" */ = {
			isa = XCConfigurationList;
			buildConfigurations = (
				6D178DD827F73AB80017B1D1 /* Debug */,
				6D178DD927F73AB80017B1D1 /* Release */,
			);
			defaultConfigurationIsVisible = 0;
			defaultConfigurationName = Release;
		};
		6D178DDA27F73AB80017B1D1 /* Build configuration list for PBXNativeTarget "SpellerTests" */ = {
			isa = XCConfigurationList;
			buildConfigurations = (
				6D178DDB27F73AB80017B1D1 /* Debug */,
				6D178DDC27F73AB80017B1D1 /* Release */,
			);
			defaultConfigurationIsVisible = 0;
			defaultConfigurationName = Release;
		};
		6D178DDD27F73AB80017B1D1 /* Build configuration list for PBXNativeTarget "SpellerUITests" */ = {
			isa = XCConfigurationList;
			buildConfigurations = (
				6D178DDE27F73AB80017B1D1 /* Debug */,
				6D178DDF27F73AB80017B1D1 /* Release */,
			);
			defaultConfigurationIsVisible = 0;
			defaultConfigurationName = Release;
		};
/* End XCConfigurationList section */
	};
	rootObject = 6D178DA527F73AB60017B1D1 /* Project object */;
}
